
Microsoft Visual Studio Solution File, Format Version 11.00
# Visual Studio 2010
Project("{FAE04EC0-301F-11D3-BF4B-00C04F79EFBC}") = "Assembly-CSharp", "Assembly-CSharp.csproj", "{da1a1181-a49c-e1fa-1d52-b050e4e248dc}"
EndProject
Project("{FAE04EC0-301F-11D3-BF4B-00C04F79EFBC}") = "Assembly-CSharp-firstpass", "Assembly-CSharp-firstpass.csproj", "{da0831ed-1306-d83c-14de-699632ad340b}"
EndProject
Project("{FAE04EC0-301F-11D3-BF4B-00C04F79EFBC}") = "Assembly-CSharp-Editor-firstpass", "Assembly-CSharp-Editor-firstpass.csproj", "{d1f6b33b-7faf-ae97-7ea0-6475ea001538}"
EndProject
Global
	GlobalSection(SolutionConfigurationPlatforms) = preSolution
		Debug|Any CPU = Debug|Any CPU
	EndGlobalSection
	GlobalSection(ProjectConfigurationPlatforms) = postSolution
		{da1a1181-a49c-e1fa-1d52-b050e4e248dc}.Debug|Any CPU.ActiveCfg = Debug|Any CPU
		{da1a1181-a49c-e1fa-1d52-b050e4e248dc}.Debug|Any CPU.Build.0 = Debug|Any CPU
		{da0831ed-1306-d83c-14de-699632ad340b}.Debug|Any CPU.ActiveCfg = Debug|Any CPU
		{da0831ed-1306-d83c-14de-699632ad340b}.Debug|Any CPU.Build.0 = Debug|Any CPU
		{d1f6b33b-7faf-ae97-7ea0-6475ea001538}.Debug|Any CPU.ActiveCfg = Debug|Any CPU
		{d1f6b33b-7faf-ae97-7ea0-6475ea001538}.Debug|Any CPU.Build.0 = Debug|Any CPU
	EndGlobalSection
	GlobalSection(SolutionProperties) = preSolution
		HideSolutionNode = FALSE
	EndGlobalSection
EndGlobal
